Microsoft Visual Studio Solution File, Format Version 12.00
# Visual Studio 2012
Project("{FAE04EC0-301F-11D3-BF4B-00C04F79EFBC}") = "Shooting Range", "Shooting Range.csproj", "{794DAEF0-77F5-43C7-BD5E-A53CA2FD2DA9}"
EndProject
Global
	GlobalSection(SolutionConfigurationPlatforms) = preSolution
	Debug|Any CPU = Debug|Any CPU
	ExportDebug|Any CPU = ExportDebug|Any CPU
	ExportRelease|Any CPU = ExportRelease|Any CPU
	EndGlobalSection
	GlobalSection(ProjectConfigurationPlatforms) = postSolution
		{794DAEF0-77F5-43C7-BD5E-A53CA2FD2DA9}.Debug|Any CPU.ActiveCfg = Debug|Any CPU
		{794DAEF0-77F5-43C7-BD5E-A53CA2FD2DA9}.Debug|Any CPU.Build.0 = Debug|Any CPU
		{794DAEF0-77F5-43C7-BD5E-A53CA2FD2DA9}.ExportDebug|Any CPU.ActiveCfg = ExportDebug|Any CPU
		{794DAEF0-77F5-43C7-BD5E-A53CA2FD2DA9}.ExportDebug|Any CPU.Build.0 = ExportDebug|Any CPU
		{794DAEF0-77F5-43C7-BD5E-A53CA2FD2DA9}.ExportRelease|Any CPU.ActiveCfg = ExportRelease|Any CPU
		{794DAEF0-77F5-43C7-BD5E-A53CA2FD2DA9}.ExportRelease|Any CPU.Build.0 = ExportRelease|Any CPU
	EndGlobalSection
EndGlobal
